
Microsoft Visual Studio Solution File, Format Version 12.00
# Visual Studio Version 17
VisualStudioVersion = 17.7.34003.232
MinimumVisualStudioVersion = 10.0.40219.1
Project("{9A19103F-16F7-4668-BE54-9A1E7A4F7556}") = "InterfazDeUsuario", "InterfazDeUsuario.csproj", "{6AE6BB8F-C637-4C80-A7FB-39DC5F8D2AD2}"
EndProject
Project("{9A19103F-16F7-4668-BE54-9A1E7A4F7556}") = "LogicaNegocio", "..\LogicaNegocio\LogicaNegocio.csproj", "{59398548-534A-4F0A-AFFC-2109E2928D60}"
EndProject
Project("{FAE04EC0-301F-11D3-BF4B-00C04F79EFBC}") = "Web", "..\Web\Web.csproj", "{48E34DE4-4484-4B41-A011-B6A31CAEFAF9}"
EndProject
Global
	GlobalSection(SolutionConfigurationPlatforms) = preSolution
		Debug|Any CPU = Debug|Any CPU
		Release|Any CPU = Release|Any CPU
	EndGlobalSection
	GlobalSection(ProjectConfigurationPlatforms) = postSolution
		{6AE6BB8F-C637-4C80-A7FB-39DC5F8D2AD2}.Debug|Any CPU.ActiveCfg = Debug|Any CPU
		{6AE6BB8F-C637-4C80-A7FB-39DC5F8D2AD2}.Debug|Any CPU.Build.0 = Debug|Any CPU
		{6AE6BB8F-C637-4C80-A7FB-39DC5F8D2AD2}.Release|Any CPU.ActiveCfg = Release|Any CPU
		{6AE6BB8F-C637-4C80-A7FB-39DC5F8D2AD2}.Release|Any CPU.Build.0 = Release|Any CPU
		{59398548-534A-4F0A-AFFC-2109E2928D60}.Debug|Any CPU.ActiveCfg = Debug|Any CPU
		{59398548-534A-4F0A-AFFC-2109E2928D60}.Debug|Any CPU.Build.0 = Debug|Any CPU
		{59398548-534A-4F0A-AFFC-2109E2928D60}.Release|Any CPU.ActiveCfg = Release|Any CPU
		{59398548-534A-4F0A-AFFC-2109E2928D60}.Release|Any CPU.Build.0 = Release|Any CPU
		{48E34DE4-4484-4B41-A011-B6A31CAEFAF9}.Debug|Any CPU.ActiveCfg = Debug|Any CPU
		{48E34DE4-4484-4B41-A011-B6A31CAEFAF9}.Debug|Any CPU.Build.0 = Debug|Any CPU
		{48E34DE4-4484-4B41-A011-B6A31CAEFAF9}.Release|Any CPU.ActiveCfg = Release|Any CPU
		{48E34DE4-4484-4B41-A011-B6A31CAEFAF9}.Release|Any CPU.Build.0 = Release|Any CPU
	EndGlobalSection
	GlobalSection(SolutionProperties) = preSolution
		HideSolutionNode = FALSE
	EndGlobalSection
	GlobalSection(ExtensibilityGlobals) = postSolution
		SolutionGuid = {D3EF95DD-ACE7-4A30-9B7C-B4AD579B73F5}
	EndGlobalSection
EndGlobal
